devDependencies:
  pnpm: 5.15.3
lockfileVersion: 5.2
packages:
  /pnpm/5.15.3:
    dev: true
    engines:
      node: '>=10.16'
    hasBin: true
    resolution:
      integrity: sha512-3E53AIFukQA8OAgYcIb7dGN5+MA0GfNK8nMJwuT6sDnLC/bUs9uUSc+CaHKxZ34SIx/K5bH7gc6Q1kg2R/AiVg==
specifiers:
  pnpm: ^5.15.3
